
Microsoft Visual Studio Solution File, Format Version 12.00
# Visual Studio Version 16
VisualStudioVersion = 16.0.30011.22
MinimumVisualStudioVersion = 10.0.40219.1
Project("{8BC9CEB8-8B4A-11D0-8D11-00A0C91BC942}") = "Active_input", "Active_input.vcxproj", "{30C1B421-3F8D-4FB0-BD69-F887A7152C69}"
EndProject
Global
	GlobalSection(SolutionConfigurationPlatforms) = preSolution
		Debug|x64 = Debug|x64
		Debug|x86 = Debug|x86
		Release|x64 = Release|x64
		Release|x86 = Release|x86
	EndGlobalSection
	GlobalSection(ProjectConfigurationPlatforms) = postSolution
		{30C1B421-3F8D-4FB0-BD69-F887A7152C69}.Debug|x64.ActiveCfg = Debug|x64
		{30C1B421-3F8D-4FB0-BD69-F887A7152C69}.Debug|x64.Build.0 = Debug|x64
		{30C1B421-3F8D-4FB0-BD69-F887A7152C69}.Debug|x86.ActiveCfg = Debug|Win32
		{30C1B421-3F8D-4FB0-BD69-F887A7152C69}.Debug|x86.Build.0 = Debug|Win32
		{30C1B421-3F8D-4FB0-BD69-F887A7152C69}.Release|x64.ActiveCfg = Release|x64
		{30C1B421-3F8D-4FB0-BD69-F887A7152C69}.Release|x64.Build.0 = Release|x64
		{30C1B421-3F8D-4FB0-BD69-F887A7152C69}.Release|x86.ActiveCfg = Release|Win32
		{30C1B421-3F8D-4FB0-BD69-F887A7152C69}.Release|x86.Build.0 = Release|Win32
	EndGlobalSection
	GlobalSection(SolutionProperties) = preSolution
		HideSolutionNode = FALSE
	EndGlobalSection
	GlobalSection(ExtensibilityGlobals) = postSolution
		SolutionGuid = {332D90B3-5FE5-4AEF-A43C-6EBEFAA5332C}
	EndGlobalSection
EndGlobal
